<?xml version="1.0" encoding="utf-8"?>
<Project ToolsVersion="4.0" xmlns="http://schemas.microsoft.com/developer/msbuild/2003">
  <ItemGroup>
    <Filter Include="Source Files">
      <UniqueIdentifier>{4FC737F1-C7A5-4376-A066-2A32D752A2FF}</UniqueIdentifier>
      <Extensions>cpp;c;cc;cxx;def;odl;idl;hpj;bat;asm;asmx</Extensions>
    </Filter>
    <Filter Include="Header Files">
      <UniqueIdentifier>{93995380-89BD-4b04-88EB-625FBE52EBFB}</UniqueIdentifier>
      <Extensions>h;hh;hpp;hxx;hm;inl;inc;ipp;xsd</Extensions>
    </Filter>
    <Filter Include="Resource Files">
      <UniqueIdentifier>{67DA6AB6-F800-4c08-8B7A-83BB121AAD01}</UniqueIdentifier>
      <Extensions>rc;ico;cur;bmp;dlg;rc2;rct;bin;rgs;gif;jpg;jpeg;jpe;resx;tiff;tif;png;wav;mfcribbon-ms</Extensions>
    </Filter>
    <Filter Include="Scene">
      <UniqueIdentifier>{5f453523-a0e4-40f8-95c7-814524aa97cf}</UniqueIdentifier>
    </Filter>
    <Filter Include="Graphic">
      <UniqueIdentifier>{46c9b9af-0235-43e7-b481-442e6e724378}</UniqueIdentifier>
    </Filter>
    <Filter Include="Grid">
      <UniqueIdentifier>{14a6bb8e-f185-4a74-ba1f-4b2a6c908aff}</UniqueIdentifier>
    </Filter>
    <Filter Include="Map">
      <UniqueIdentifier>{d6f203c3-bde3-4aa9-aff2-9f846ed2ffc0}</UniqueIdentifier>
    </Filter>
    <Filter Include="GameObjects">
      <UniqueIdentifier>{dce95723-4ebd-4174-b3ff-4ae83aaf5a48}</UniqueIdentifier>
    </Filter>
    <Filter Include="GameObjects\Aladdin">
      <UniqueIdentifier>{e925816a-8574-4c8f-8cc9-7075b0f3c9fc}</UniqueIdentifier>
    </Filter>
    <Filter Include="GameObjects\Item">
      <UniqueIdentifier>{567e1b34-dc20-4acf-91cf-69cb044cdedb}</UniqueIdentifier>
    </Filter>
    <Filter Include="GameObjects\MapObject">
      <UniqueIdentifier>{8b2b7a46-f6eb-43a1-b1e7-e574f36c6950}</UniqueIdentifier>
    </Filter>
    <Filter Include="GameObjects\Enemy">
      <UniqueIdentifier>{19e3edb2-2f39-4c9b-a29e-e5ce2de5409c}</UniqueIdentifier>
    </Filter>
  </ItemGroup>
  <ItemGroup>
    <ClCompile Include="Main.cpp">
      <Filter>Source Files</Filter>
    </ClCompile>
    <ClCompile Include="Game.cpp">
      <Filter>Source Files</Filter>
    </ClCompile>
    <ClCompile Include="Camera.cpp">
      <Filter>Source Files</Filter>
    </ClCompile>
    <ClCompile Include="Debug.cpp">
      <Filter>Source Files</Filter>
    </ClCompile>
    <ClCompile Include="SceneGame.cpp">
      <Filter>Scene</Filter>
    </ClCompile>
    <ClCompile Include="SceneManager.cpp">
      <Filter>Scene</Filter>
    </ClCompile>
    <ClCompile Include="Textures.cpp">
      <Filter>Graphic</Filter>
    </ClCompile>
    <ClCompile Include="Grid.cpp">
      <Filter>Grid</Filter>
    </ClCompile>
    <ClCompile Include="Cell.cpp">
      <Filter>Grid</Filter>
    </ClCompile>
    <ClCompile Include="Sprites.cpp">
      <Filter>Graphic</Filter>
    </ClCompile>
    <ClCompile Include="Animations.cpp">
      <Filter>Graphic</Filter>
    </ClCompile>
    <ClCompile Include="Map.cpp">
      <Filter>Map</Filter>
    </ClCompile>
    <ClCompile Include="Aladdin.cpp">
      <Filter>GameObjects\Aladdin</Filter>
    </ClCompile>
    <ClCompile Include="GameObject.cpp">
      <Filter>GameObjects</Filter>
    </ClCompile>
    <ClCompile Include="Apple.cpp">
      <Filter>GameObjects\Item</Filter>
    </ClCompile>
    <ClCompile Include="AppleOfAladdin.cpp">
      <Filter>GameObjects\Aladdin</Filter>
    </ClCompile>
    <ClCompile Include="RedJewel.cpp">
      <Filter>GameObjects\Item</Filter>
    </ClCompile>
    <ClCompile Include="Heart.cpp">
      <Filter>GameObjects\Item</Filter>
    </ClCompile>
    <ClCompile Include="Genie.cpp">
      <Filter>GameObjects\Item</Filter>
    </ClCompile>
    <ClCompile Include="Board.cpp">
      <Filter>Source Files</Filter>
    </ClCompile>
    <ClCompile Include="Characters.cpp">
      <Filter>Source Files</Filter>
    </ClCompile>
    <ClCompile Include="Wall.cpp">
      <Filter>GameObjects\MapObject</Filter>
    </ClCompile>
    <ClCompile Include="MovingBrick.cpp">
      <Filter>GameObjects\MapObject</Filter>
    </ClCompile>
    <ClCompile Include="Rope.cpp">
      <Filter>GameObjects\MapObject</Filter>
    </ClCompile>
    <ClCompile Include="EnemyFat.cpp">
      <Filter>GameObjects\Enemy</Filter>
    </ClCompile>
    <ClCompile Include="EnemyBat.cpp">
      <Filter>GameObjects\Enemy</Filter>
    </ClCompile>
    <ClCompile Include="EnemyThin.cpp">
      <Filter>GameObjects\Enemy</Filter>
    </ClCompile>
    <ClCompile Include="EnemySkeleton.cpp">
      <Filter>GameObjects\Enemy</Filter>
    </ClCompile>
    <ClCompile Include="Skeleton.cpp">
      <Filter>GameObjects\Enemy</Filter>
    </ClCompile>
    <ClCompile Include="Foreground.cpp">
      <Filter>Source Files</Filter>
    </ClCompile>
    <ClCompile Include="ForegroundObject.cpp">
      <Filter>Source Files</Filter>
    </ClCompile>
    <ClCompile Include="Sound.cpp">
      <Filter>Source Files</Filter>
    </ClCompile>
    <ClCompile Include="DSutil.cpp">
      <Filter>Source Files</Filter>
    </ClCompile>
    <ClCompile Include="dxutil.cpp">
      <Filter>Source Files</Filter>
    </ClCompile>
    <ClCompile Include="Jafar.cpp">
      <Filter>GameObjects\Enemy</Filter>
    </ClCompile>
    <ClCompile Include="Magic.cpp">
      <Filter>GameObjects\Enemy</Filter>
    </ClCompile>
    <ClCompile Include="Flame.cpp">
      <Filter>GameObjects\Enemy</Filter>
    </ClCompile>
    <ClCompile Include="PointReset.cpp">
      <Filter>GameObjects\MapObject</Filter>
    </ClCompile>
    <ClCompile Include="NextLevelPoint.cpp">
      <Filter>GameObjects\MapObject</Filter>
    </ClCompile>
    <ClCompile Include="SceneDealth.cpp">
      <Filter>Scene</Filter>
    </ClCompile>
    <ClCompile Include="SceneLevelCompleted.cpp">
      <Filter>Scene</Filter>
    </ClCompile>
    <ClCompile Include="SceneIntro.cpp">
      <Filter>Scene</Filter>
    </ClCompile>
    <ClCompile Include="Brick.cpp">
      <Filter>GameObjects\MapObject</Filter>
    </ClCompile>
    <ClCompile Include="RestartPoint.cpp">
      <Filter>GameObjects\Item</Filter>
    </ClCompile>
    <ClCompile Include="Arrow.cpp">
      <Filter>GameObjects\MapObject</Filter>
    </ClCompile>
    <ClCompile Include="Bob.cpp">
      <Filter>GameObjects\MapObject</Filter>
    </ClCompile>
    <ClCompile Include="SceneWin.cpp">
      <Filter>Scene</Filter>
    </ClCompile>
  </ItemGroup>
  <ItemGroup>
    <ClInclude Include="Game.h">
      <Filter>Header Files</Filter>
    </ClInclude>
    <ClInclude Include="Define.h">
      <Filter>Header Files</Filter>
    </ClInclude>
    <ClInclude Include="Camera.h">
      <Filter>Header Files</Filter>
    </ClInclude>
    <ClInclude Include="Debug.h">
      <Filter>Header Files</Filter>
    </ClInclude>
    <ClInclude Include="SceneManager.h">
      <Filter>Scene</Filter>
    </ClInclude>
    <ClInclude Include="SceneGame.h">
      <Filter>Scene</Filter>
    </ClInclude>
    <ClInclude Include="Scene.h">
      <Filter>Scene</Filter>
    </ClInclude>
    <ClInclude Include="Textures.h">
      <Filter>Graphic</Filter>
    </ClInclude>
    <ClInclude Include="Cell.h">
      <Filter>Grid</Filter>
    </ClInclude>
    <ClInclude Include="Grid.h">
      <Filter>Grid</Filter>
    </ClInclude>
    <ClInclude Include="Sprites.h">
      <Filter>Graphic</Filter>
    </ClInclude>
    <ClInclude Include="Animations.h">
      <Filter>Graphic</Filter>
    </ClInclude>
    <ClInclude Include="Map.h">
      <Filter>Map</Filter>
    </ClInclude>
    <ClInclude Include="Aladdin.h">
      <Filter>GameObjects\Aladdin</Filter>
    </ClInclude>
    <ClInclude Include="GameObject.h">
      <Filter>GameObjects</Filter>
    </ClInclude>
    <ClInclude Include="Apple.h">
      <Filter>GameObjects\Item</Filter>
    </ClInclude>
    <ClInclude Include="AppleOfAladdin.h">
      <Filter>GameObjects\Aladdin</Filter>
    </ClInclude>
    <ClInclude Include="RedJewel.h">
      <Filter>GameObjects\Item</Filter>
    </ClInclude>
    <ClInclude Include="Heart.h">
      <Filter>GameObjects\Item</Filter>
    </ClInclude>
    <ClInclude Include="Genie.h">
      <Filter>GameObjects\Item</Filter>
    </ClInclude>
    <ClInclude Include="Board.h">
      <Filter>Header Files</Filter>
    </ClInclude>
    <ClInclude Include="Characters.h">
      <Filter>Header Files</Filter>
    </ClInclude>
    <ClInclude Include="MovingBrick.h">
      <Filter>GameObjects\MapObject</Filter>
    </ClInclude>
    <ClInclude Include="Wall.h">
      <Filter>GameObjects\MapObject</Filter>
    </ClInclude>
    <ClInclude Include="Rope.h">
      <Filter>GameObjects\MapObject</Filter>
    </ClInclude>
    <ClInclude Include="EnemyFat.h">
      <Filter>GameObjects\Enemy</Filter>
    </ClInclude>
    <ClInclude Include="Skeleton.h">
      <Filter>GameObjects\Enemy</Filter>
    </ClInclude>
    <ClInclude Include="EnemyBat.h">
      <Filter>GameObjects\Enemy</Filter>
    </ClInclude>
    <ClInclude Include="EnemySkeleton.h">
      <Filter>GameObjects\Enemy</Filter>
    </ClInclude>
    <ClInclude Include="EnemyThin.h">
      <Filter>GameObjects\Enemy</Filter>
    </ClInclude>
    <ClInclude Include="Foreground.h">
      <Filter>Header Files</Filter>
    </ClInclude>
    <ClInclude Include="ForegroundObject.h">
      <Filter>Header Files</Filter>
    </ClInclude>
    <ClInclude Include="DSutil.h">
      <Filter>Header Files</Filter>
    </ClInclude>
    <ClInclude Include="dxutil.h">
      <Filter>Header Files</Filter>
    </ClInclude>
    <ClInclude Include="Jafar.h">
      <Filter>GameObjects\Enemy</Filter>
    </ClInclude>
    <ClInclude Include="Magic.h">
      <Filter>GameObjects\Enemy</Filter>
    </ClInclude>
    <ClInclude Include="Flame.h">
      <Filter>GameObjects\Enemy</Filter>
    </ClInclude>
    <ClInclude Include="Sound.h">
      <Filter>Source Files</Filter>
    </ClInclude>
    <ClInclude Include="PointReset.h">
      <Filter>GameObjects\MapObject</Filter>
    </ClInclude>
    <ClInclude Include="NextLevelPoint.h">
      <Filter>GameObjects\MapObject</Filter>
    </ClInclude>
    <ClInclude Include="SceneDealth.h">
      <Filter>Scene</Filter>
    </ClInclude>
    <ClInclude Include="SceneLevelCompleted.h">
      <Filter>Scene</Filter>
    </ClInclude>
    <ClInclude Include="SceneIntro.h">
      <Filter>Scene</Filter>
    </ClInclude>
    <ClInclude Include="Brick.h">
      <Filter>GameObjects\MapObject</Filter>
    </ClInclude>
    <ClInclude Include="RestartPoint.h">
      <Filter>GameObjects\Item</Filter>
    </ClInclude>
    <ClInclude Include="Arrow.h">
      <Filter>GameObjects\MapObject</Filter>
    </ClInclude>
    <ClInclude Include="Bob.h">
      <Filter>GameObjects\MapObject</Filter>
    </ClInclude>
    <ClInclude Include="SceneWin.h">
      <Filter>Scene</Filter>
    </ClInclude>
  </ItemGroup>
</Project>